
Microsoft Visual Studio Solution File, Format Version 12.00
# Visual Studio Version 17
VisualStudioVersion = 17.5.33424.131
MinimumVisualStudioVersion = 10.0.40219.1
Project("{FAE04EC0-301F-11D3-BF4B-00C04F79EFBC}") = "Vetor-Faturamento", "Vetor-Faturamento\Vetor-Faturamento.csproj", "{0BE5EF92-4954-4452-B420-9FD9FFA0330C}"
EndProject
Global
	GlobalSection(SolutionConfigurationPlatforms) = preSolution
		Debug|Any CPU = Debug|Any CPU
		Release|Any CPU = Release|Any CPU
	EndGlobalSection
	GlobalSection(ProjectConfigurationPlatforms) = postSolution
		{0BE5EF92-4954-4452-B420-9FD9FFA0330C}.Debug|Any CPU.ActiveCfg = Debug|Any CPU
		{0BE5EF92-4954-4452-B420-9FD9FFA0330C}.Debug|Any CPU.Build.0 = Debug|Any CPU
		{0BE5EF92-4954-4452-B420-9FD9FFA0330C}.Release|Any CPU.ActiveCfg = Release|Any CPU
		{0BE5EF92-4954-4452-B420-9FD9FFA0330C}.Release|Any CPU.Build.0 = Release|Any CPU
	EndGlobalSection
	GlobalSection(SolutionProperties) = preSolution
		HideSolutionNode = FALSE
	EndGlobalSection
	GlobalSection(ExtensibilityGlobals) = postSolution
		SolutionGuid = {F30AA94E-DDAA-4447-A558-ACED11D62AC6}
	EndGlobalSection
EndGlobal
